
Microsoft Visual Studio Solution File, Format Version 12.00
# Visual Studio Version 17
VisualStudioVersion = 17.1.32407.343
MinimumVisualStudioVersion = 10.0.40219.1
Project("{F184B08F-C81C-45F6-A57F-5ABD9991F28F}") = "InkSpace", "InkSpace.vbproj", "{DEF5FA77-F908-4F04-91B6-DAF5021D84F0}"
EndProject
Global
	GlobalSection(SolutionConfigurationPlatforms) = preSolution
		Debug|Any CPU = Debug|Any CPU
		Release|Any CPU = Release|Any CPU
	EndGlobalSection
	GlobalSection(ProjectConfigurationPlatforms) = postSolution
		{DEF5FA77-F908-4F04-91B6-DAF5021D84F0}.Debug|Any CPU.ActiveCfg = Debug|Any CPU
		{DEF5FA77-F908-4F04-91B6-DAF5021D84F0}.Debug|Any CPU.Build.0 = Debug|Any CPU
		{DEF5FA77-F908-4F04-91B6-DAF5021D84F0}.Release|Any CPU.ActiveCfg = Release|Any CPU
		{DEF5FA77-F908-4F04-91B6-DAF5021D84F0}.Release|Any CPU.Build.0 = Release|Any CPU
	EndGlobalSection
	GlobalSection(SolutionProperties) = preSolution
		HideSolutionNode = FALSE
	EndGlobalSection
	GlobalSection(ExtensibilityGlobals) = postSolution
		SolutionGuid = {04295F8D-F07A-47B0-B700-2B5DEE7E0F93}
	EndGlobalSection
EndGlobal
